
Microsoft Visual Studio Solution File, Format Version 12.00
# Visual Studio 15
VisualStudioVersion = 15.0.27130.0
MinimumVisualStudioVersion = 10.0.40219.1
Project("{FAE04EC0-301F-11D3-BF4B-00C04F79EFBC}") = "red-team-project", "red-team-project\red-team-project.csproj", "{36C0A8E1-116E-440C-8790-4C901AAF0B70}"
EndProject
Project("{2150E333-8FDC-42A3-9474-1A3956D46DE8}") = "Domain", "Domain", "{856DE397-06B0-4C92-A272-07F5F3F85C16}"
EndProject
Project("{FAE04EC0-301F-11D3-BF4B-00C04F79EFBC}") = "WebApp.Domain.Core", "WebApp.Domain.Core\WebApp.Domain.Core.csproj", "{9562B4F0-1734-4718-A64E-87785F032FF7}"
EndProject
Project("{FAE04EC0-301F-11D3-BF4B-00C04F79EFBC}") = "WebApp.Domain.Interfaces", "WebApp.Domain.Interfaces\WebApp.Domain.Interfaces.csproj", "{CD0F402C-2316-4BFE-9A5E-D4AC3C7EBD79}"
EndProject
Project("{2150E333-8FDC-42A3-9474-1A3956D46DE8}") = "Infrastructure", "Infrastructure", "{725667E2-3B51-453E-AC8A-DC232B9ED96D}"
EndProject
Project("{FAE04EC0-301F-11D3-BF4B-00C04F79EFBC}") = "WebApp.Infrastructure.Data", "WebApp.Infrastructure.Data\WebApp.Infrastructure.Data.csproj", "{4216B7F1-F8B8-46DC-B46F-0F0789597629}"
EndProject
Global
	GlobalSection(SolutionConfigurationPlatforms) = preSolution
		Debug|Any CPU = Debug|Any CPU
		Release|Any CPU = Release|Any CPU
	EndGlobalSection
	GlobalSection(ProjectConfigurationPlatforms) = postSolution
		{36C0A8E1-116E-440C-8790-4C901AAF0B70}.Debug|Any CPU.ActiveCfg = Debug|Any CPU
		{36C0A8E1-116E-440C-8790-4C901AAF0B70}.Debug|Any CPU.Build.0 = Debug|Any CPU
		{36C0A8E1-116E-440C-8790-4C901AAF0B70}.Release|Any CPU.ActiveCfg = Release|Any CPU
		{36C0A8E1-116E-440C-8790-4C901AAF0B70}.Release|Any CPU.Build.0 = Release|Any CPU
		{9562B4F0-1734-4718-A64E-87785F032FF7}.Debug|Any CPU.ActiveCfg = Debug|Any CPU
		{9562B4F0-1734-4718-A64E-87785F032FF7}.Debug|Any CPU.Build.0 = Debug|Any CPU
		{9562B4F0-1734-4718-A64E-87785F032FF7}.Release|Any CPU.ActiveCfg = Release|Any CPU
		{9562B4F0-1734-4718-A64E-87785F032FF7}.Release|Any CPU.Build.0 = Release|Any CPU
		{CD0F402C-2316-4BFE-9A5E-D4AC3C7EBD79}.Debug|Any CPU.ActiveCfg = Debug|Any CPU
		{CD0F402C-2316-4BFE-9A5E-D4AC3C7EBD79}.Debug|Any CPU.Build.0 = Debug|Any CPU
		{CD0F402C-2316-4BFE-9A5E-D4AC3C7EBD79}.Release|Any CPU.ActiveCfg = Release|Any CPU
		{CD0F402C-2316-4BFE-9A5E-D4AC3C7EBD79}.Release|Any CPU.Build.0 = Release|Any CPU
		{4216B7F1-F8B8-46DC-B46F-0F0789597629}.Debug|Any CPU.ActiveCfg = Debug|Any CPU
		{4216B7F1-F8B8-46DC-B46F-0F0789597629}.Debug|Any CPU.Build.0 = Debug|Any CPU
		{4216B7F1-F8B8-46DC-B46F-0F0789597629}.Release|Any CPU.ActiveCfg = Release|Any CPU
		{4216B7F1-F8B8-46DC-B46F-0F0789597629}.Release|Any CPU.Build.0 = Release|Any CPU
	EndGlobalSection
	GlobalSection(SolutionProperties) = preSolution
		HideSolutionNode = FALSE
	EndGlobalSection
	GlobalSection(NestedProjects) = preSolution
		{9562B4F0-1734-4718-A64E-87785F032FF7} = {856DE397-06B0-4C92-A272-07F5F3F85C16}
		{CD0F402C-2316-4BFE-9A5E-D4AC3C7EBD79} = {856DE397-06B0-4C92-A272-07F5F3F85C16}
		{4216B7F1-F8B8-46DC-B46F-0F0789597629} = {725667E2-3B51-453E-AC8A-DC232B9ED96D}
	EndGlobalSection
	GlobalSection(ExtensibilityGlobals) = postSolution
		SolutionGuid = {74265D87-A6F2-4AAF-B27F-E53567133B3F}
	EndGlobalSection
EndGlobal
